
Microsoft Visual Studio Solution File, Format Version 12.00
# Visual Studio Version 17
VisualStudioVersion = 17.9.34701.34
MinimumVisualStudioVersion = 10.0.40219.1
Project("{9A19103F-16F7-4668-BE54-9A1E7A4F7556}") = "WorkflowCore.Dashboard", "src\WorkflowCore.Dashboard\WorkflowCore.Dashboard.csproj", "{60D9798C-3551-4822-9294-323714F8A2C1}"
EndProject
Global
	GlobalSection(SolutionConfigurationPlatforms) = preSolution
		Debug|Any CPU = Debug|Any CPU
		Release|Any CPU = Release|Any CPU
	EndGlobalSection
	GlobalSection(ProjectConfigurationPlatforms) = postSolution
		{60D9798C-3551-4822-9294-323714F8A2C1}.Debug|Any CPU.ActiveCfg = Debug|Any CPU
		{60D9798C-3551-4822-9294-323714F8A2C1}.Debug|Any CPU.Build.0 = Debug|Any CPU
		{60D9798C-3551-4822-9294-323714F8A2C1}.Release|Any CPU.ActiveCfg = Release|Any CPU
		{60D9798C-3551-4822-9294-323714F8A2C1}.Release|Any CPU.Build.0 = Release|Any CPU
	EndGlobalSection
	GlobalSection(SolutionProperties) = preSolution
		HideSolutionNode = FALSE
	EndGlobalSection
	GlobalSection(ExtensibilityGlobals) = postSolution
		SolutionGuid = {E3D68AF9-2A05-4F99-8E73-974CE1CF3CF9}
	EndGlobalSection
EndGlobal
